# @generated - this file is auto-generated by `mise lock` https://mise.en.dev/dev-tools/mise-lock.html

[[tools.elixir]]
version = "1.20.3-otp-29"
backend = "core:elixir"

[tools.elixir."platforms.linux-arm64"]
checksum = "sha256:51f799b78374d569a5df659bdedeb0dd9ef8251230bcdaef00c533019086e625"
url = "https://builds.hex.pm/builds/elixir/v1.20.3-otp-29.zip"

[tools.elixir."platforms.linux-arm64-musl"]
checksum = "sha256:51f799b78374d569a5df659bdedeb0dd9ef8251230bcdaef00c533019086e625"
url = "https://builds.hex.pm/builds/elixir/v1.20.3-otp-29.zip"

[tools.elixir."platforms.linux-x64"]
checksum = "sha256:51f799b78374d569a5df659bdedeb0dd9ef8251230bcdaef00c533019086e625"
url = "https://builds.hex.pm/builds/elixir/v1.20.3-otp-29.zip"

[tools.elixir."platforms.linux-x64-musl"]
checksum = "sha256:51f799b78374d569a5df659bdedeb0dd9ef8251230bcdaef00c533019086e625"
url = "https://builds.hex.pm/builds/elixir/v1.20.3-otp-29.zip"

[tools.elixir."platforms.macos-arm64"]
checksum = "blake3:4046dfe3a6a7868ddaefdb4e6ac2d34ee088789b0ce13d70a64c282230a72543"
url = "https://builds.hex.pm/builds/elixir/v1.20.3-otp-29.zip"

[tools.elixir."platforms.macos-x64"]
checksum = "sha256:51f799b78374d569a5df659bdedeb0dd9ef8251230bcdaef00c533019086e625"
url = "https://builds.hex.pm/builds/elixir/v1.20.3-otp-29.zip"

[tools.elixir."platforms.windows-x64"]
checksum = "sha256:51f799b78374d569a5df659bdedeb0dd9ef8251230bcdaef00c533019086e625"
url = "https://builds.hex.pm/builds/elixir/v1.20.3-otp-29.zip"

[[tools.erlang]]
version = "29.0.5"
backend = "core:erlang"

[tools.erlang."platforms.linux-arm64-musl"]
checksum = "sha256:86f6f40d4638852b0383235b02a70d8450184e441e83a06a108bf8e5bf1b2e04"
url = "https://github.com/erlang/otp/releases/download/OTP-29.0.5/otp_src_29.0.5.tar.gz"
url_api = "https://api.github.com/repos/erlang/otp/releases/assets/501327246"
install = "source"

[tools.erlang."platforms.linux-x64-musl"]
checksum = "sha256:86f6f40d4638852b0383235b02a70d8450184e441e83a06a108bf8e5bf1b2e04"
url = "https://github.com/erlang/otp/releases/download/OTP-29.0.5/otp_src_29.0.5.tar.gz"
url_api = "https://api.github.com/repos/erlang/otp/releases/assets/501327246"
install = "source"

[tools.erlang."platforms.macos-arm64"]
checksum = "sha256:24b9e00da2b9ad25b1f182e2efd73ff316e46ec4b143c0cc3c69dbd27d5a594d"
url = "https://github.com/erlef/otp_builds/releases/download/OTP-29.0.5/otp-aarch64-apple-darwin.tar.gz"

[tools.erlang."platforms.macos-x64"]
checksum = "sha256:c8d18eebb9076f90b1c78594e27f67fc9b8b8f07af524aaf1f8e133e3652dec5"
url = "https://github.com/erlef/otp_builds/releases/download/OTP-29.0.5/otp-x86_64-apple-darwin.tar.gz"
url_api = "https://api.github.com/repos/erlef/otp_builds/releases/assets/501261563"

[tools.erlang."platforms.windows-x64"]
checksum = "sha256:8bd0be5f6a1bd866bf8b8955c35d0cb4de7c7c935da29f351b599e0b5ed92409"
url = "https://github.com/erlang/otp/releases/download/OTP-29.0.5/otp_win64_29.0.5.zip"
url_api = "https://api.github.com/repos/erlang/otp/releases/assets/501281670"

[[tools.erlang]]
version = "29.0.5"
backend = "core:erlang"

[tools.erlang.options]
precompiled_os = "ubuntu-24.04"

[tools.erlang."platforms.linux-arm64"]
url = "https://builds.hex.pm/builds/otp/arm64/ubuntu-24.04/OTP-29.0.5.tar.gz"

[tools.erlang."platforms.linux-x64"]
url = "https://builds.hex.pm/builds/otp/amd64/ubuntu-24.04/OTP-29.0.5.tar.gz"

[[tools.pixi]]
version = "0.76.1"
backend = "github:prefix-dev/pixi"

[tools.pixi."platforms.linux-arm64"]
checksum = "sha256:e7c9d7f128fe02d20b212c0ba9b8ab445907b415155b72ca93f3120e63a8fbb3"
url = "https://github.com/prefix-dev/pixi/releases/download/v0.76.1/pixi-aarch64-unknown-linux-musl.tar.gz"
url_api = "https://api.github.com/repos/prefix-dev/pixi/releases/assets/501223332"
provenance = "github-attestations"

[tools.pixi."platforms.linux-arm64-musl"]
checksum = "sha256:e7c9d7f128fe02d20b212c0ba9b8ab445907b415155b72ca93f3120e63a8fbb3"
url = "https://github.com/prefix-dev/pixi/releases/download/v0.76.1/pixi-aarch64-unknown-linux-musl.tar.gz"
url_api = "https://api.github.com/repos/prefix-dev/pixi/releases/assets/501223332"
provenance = "github-attestations"

[tools.pixi."platforms.linux-x64"]
checksum = "sha256:8e2ab7630f5bc1e8aa38d236842e20f565f7aa0834687e53670b7c86ba54c90f"
url = "https://github.com/prefix-dev/pixi/releases/download/v0.76.1/pixi-x86_64-unknown-linux-musl.tar.gz"
url_api = "https://api.github.com/repos/prefix-dev/pixi/releases/assets/501223455"
provenance = "github-attestations"

[tools.pixi."platforms.linux-x64-musl"]
checksum = "sha256:8e2ab7630f5bc1e8aa38d236842e20f565f7aa0834687e53670b7c86ba54c90f"
url = "https://github.com/prefix-dev/pixi/releases/download/v0.76.1/pixi-x86_64-unknown-linux-musl.tar.gz"
url_api = "https://api.github.com/repos/prefix-dev/pixi/releases/assets/501223455"
provenance = "github-attestations"

[tools.pixi."platforms.macos-arm64"]
checksum = "sha256:ad059ad5dbe6de0f5cd4b0740a7f95f47c8e1270bae608c32203d1511a7af880"
url = "https://github.com/prefix-dev/pixi/releases/download/v0.76.1/pixi-aarch64-apple-darwin.tar.gz"
url_api = "https://api.github.com/repos/prefix-dev/pixi/releases/assets/501223293"
provenance = "github-attestations"
provenance_verified = true

[tools.pixi."platforms.macos-x64"]
checksum = "sha256:4959ceeeb2580948445109da6b656e34f450e19566b3d9f6d28c55ce33fce6ce"
url = "https://github.com/prefix-dev/pixi/releases/download/v0.76.1/pixi-x86_64-apple-darwin.tar.gz"
url_api = "https://api.github.com/repos/prefix-dev/pixi/releases/assets/501223389"
provenance = "github-attestations"

[tools.pixi."platforms.windows-x64"]
checksum = "sha256:ca64d56112cbebd96b4ec76ff220d59436ad5b6428a0e97242b3e549d65a39be"
url = "https://github.com/prefix-dev/pixi/releases/download/v0.76.1/pixi-x86_64-pc-windows-msvc.zip"
url_api = "https://api.github.com/repos/prefix-dev/pixi/releases/assets/501223445"
provenance = "github-attestations"
